// !$*UTF8*$!
{
	archiveVersion = 1;
	classes = {
	};
	objectVersion = 46;
	objects = {

/* Begin PBXBuildFile section */
		3A41745E14EFAF2600D166E9 /* CoreGraphics.framework in Frameworks */ = {isa = PBXBuildFile; fileRef = 3A77BC6614E221D200AE45A4 /* CoreGraphics.framework */; };
		3A448D6214F0B3B40023B49F /* AdriansFilter.m in Sources */ = {isa = PBXBuildFile; fileRef = 3A448D6114F0B3B40023B49F /* AdriansFilter.m */; };
		3A77BC6314E221D200AE45A4 /* UIKit.framework in Frameworks */ = {isa = PBXBuildFile; fileRef = 3A77BC6214E221D200AE45A4 /* UIKit.framework */; };
		3A77BC6514E221D200AE45A4 /* Foundation.framework in Frameworks */ = {isa = PBXBuildFile; fileRef = 3A77BC6414E221D200AE45A4 /* Foundation.framework */; };
		3A77BC6D14E221D200AE45A4 /* InfoPlist.strings in Resources */ = {isa = PBXBuildFile; fileRef = 3A77BC6B14E221D200AE45A4 /* InfoPlist.strings */; };
		3A77BC6F14E221D200AE45A4 /* main.m in Sources */ = {isa = PBXBuildFile; fileRef = 3A77BC6E14E221D200AE45A4 /* main.m */; };
		3A77BC7314E221D200AE45A4 /* AppDelegate.m in Sources */ = {isa = PBXBuildFile; fileRef = 3A77BC7214E221D200AE45A4 /* AppDelegate.m */; };
		3A77BC7614E221D200AE45A4 /* ViewController.m in Sources */ = {isa = PBXBuildFile; fileRef = 3A77BC7514E221D200AE45A4 /* ViewController.m */; };
		3A77BC7914E221D200AE45A4 /* ViewController.xib in Resources */ = {isa = PBXBuildFile; fileRef = 3A77BC7714E221D200AE45A4 /* ViewController.xib */; };
		3A77BC8F14E22E4500AE45A4 /* Northern_Iraq_landscape.jpg in Resources */ = {isa = PBXBuildFile; fileRef = 3A77BC8E14E22E4500AE45A4 /* Northern_Iraq_landscape.jpg */; };
		3AAD851C14ECBC43003122DF /* CoreImage.framework in Frameworks */ = {isa = PBXBuildFile; fileRef = 3AAD851B14ECBC43003122DF /* CoreImage.framework */; };
		3AAD852614ECD341003122DF /* QuartzCore.framework in Frameworks */ = {isa = PBXBuildFile; fileRef = 3AAD852514ECD341003122DF /* QuartzCore.framework */; };
		3ADA4FF014EFD78F007B2785 /* tower.jpg in Resources */ = {isa = PBXBuildFile; fileRef = 3ADA4FEF14EFD78F007B2785 /* tower.jpg */; };
		3ADA4FF314F09D98007B2785 /* ImageDataConverter.m in Sources */ = {isa = PBXBuildFile; fileRef = 3ADA4FF214F09D98007B2785 /* ImageDataConverter.m */; };
/* End PBXBuildFile section */

/* Begin PBXFileReference section */
		3A448D6014F0B3B40023B49F /* AdriansFilter.h */ = {isa = PBXFileReference; fileEncoding = 4; lastKnownFileType = sourcecode.c.h; path = AdriansFilter.h; sourceTree = "<group>"; };
		3A448D6114F0B3B40023B49F /* AdriansFilter.m */ = {isa = PBXFileReference; fileEncoding = 4; lastKnownFileType = sourcecode.c.objc; path = AdriansFilter.m; sourceTree = "<group>"; };
		3A77BC5E14E221D200AE45A4 /* PicturePoofer.app */ = {isa = PBXFileReference; explicitFileType = wrapper.application; includeInIndex = 0; path = PicturePoofer.app; sourceTree = BUILT_PRODUCTS_DIR; };
		3A77BC6214E221D200AE45A4 /* UIKit.framework */ = {isa = PBXFileReference; lastKnownFileType = wrapper.framework; name = UIKit.framework; path = System/Library/Frameworks/UIKit.framework; sourceTree = SDKROOT; };
		3A77BC6414E221D200AE45A4 /* Foundation.framework */ = {isa = PBXFileReference; lastKnownFileType = wrapper.framework; name = Foundation.framework; path = System/Library/Frameworks/Foundation.framework; sourceTree = SDKROOT; };
		3A77BC6614E221D200AE45A4 /* CoreGraphics.framework */ = {isa = PBXFileReference; lastKnownFileType = wrapper.framework; name = CoreGraphics.framework; path = System/Library/Frameworks/CoreGraphics.framework; sourceTree = SDKROOT; };
		3A77BC6A14E221D200AE45A4 /* PicturePoofer-Info.plist */ = {isa = PBXFileReference; lastKnownFileType = text.plist.xml; path = "PicturePoofer-Info.plist"; sourceTree = "<group>"; };
		3A77BC6C14E221D200AE45A4 /* en */ = {isa = PBXFileReference; lastKnownFileType = text.plist.strings; name = en; path = en.lproj/InfoPlist.strings; sourceTree = "<group>"; };
		3A77BC6E14E221D200AE45A4 /* main.m */ = {isa = PBXFileReference; lastKnownFileType = sourcecode.c.objc; path = main.m; sourceTree = "<group>"; };
		3A77BC7014E221D200AE45A4 /* PicturePoofer-Prefix.pch */ = {isa = PBXFileReference; lastKnownFileType = sourcecode.c.h; path = "PicturePoofer-Prefix.pch"; sourceTree = "<group>"; };
		3A77BC7114E221D200AE45A4 /* AppDelegate.h */ = {isa = PBXFileReference; lastKnownFileType = sourcecode.c.h; path = AppDelegate.h; sourceTree = "<group>"; };
		3A77BC7214E221D200AE45A4 /* AppDelegate.m */ = {isa = PBXFileReference; lastKnownFileType = sourcecode.c.objc; path = AppDelegate.m; sourceTree = "<group>"; };
		3A77BC7414E221D200AE45A4 /* ViewController.h */ = {isa = PBXFileReference; lastKnownFileType = sourcecode.c.h; path = ViewController.h; sourceTree = "<group>"; };
		3A77BC7514E221D200AE45A4 /* ViewController.m */ = {isa = PBXFileReference; lastKnownFileType = sourcecode.c.objc; path = ViewController.m; sourceTree = "<group>"; };
		3A77BC7814E221D200AE45A4 /* en */ = {isa = PBXFileReference; lastKnownFileType = file.xib; name = en; path = en.lproj/ViewController.xib; sourceTree = "<group>"; };
		3A77BC8E14E22E4500AE45A4 /* Northern_Iraq_landscape.jpg */ = {isa = PBXFileReference; lastKnownFileType = image.jpeg; path = Northern_Iraq_landscape.jpg; sourceTree = "<group>"; };
		3AAD851B14ECBC43003122DF /* CoreImage.framework */ = {isa = PBXFileReference; lastKnownFileType = wrapper.framework; name = CoreImage.framework; path = System/Library/Frameworks/CoreImage.framework; sourceTree = SDKROOT; };
		3AAD852514ECD341003122DF /* QuartzCore.framework */ = {isa = PBXFileReference; lastKnownFileType = wrapper.framework; name = QuartzCore.framework; path = System/Library/Frameworks/QuartzCore.framework; sourceTree = SDKROOT; };
		3ADA4FEF14EFD78F007B2785 /* tower.jpg */ = {isa = PBXFileReference; lastKnownFileType = image.jpeg; path = tower.jpg; sourceTree = "<group>"; };
		3ADA4FF114F09D98007B2785 /* ImageDataConverter.h */ = {isa = PBXFileReference; fileEncoding = 4; lastKnownFileType = sourcecode.c.h; path = ImageDataConverter.h; sourceTree = "<group>"; };
		3ADA4FF214F09D98007B2785 /* ImageDataConverter.m */ = {isa = PBXFileReference; fileEncoding = 4; lastKnownFileType = sourcecode.c.objc; path = ImageDataConverter.m; sourceTree = "<group>"; };
/* End PBXFileReference section */

/* Begin PBXFrameworksBuildPhase section */
		3A77BC5B14E221D200AE45A4 /* Frameworks */ = {
			isa = PBXFrameworksBuildPhase;
			buildActionMask = 2147483647;
			files = (
				3AAD852614ECD341003122DF /* QuartzCore.framework in Frameworks */,
				3AAD851C14ECBC43003122DF /* CoreImage.framework in Frameworks */,
				3A77BC6314E221D200AE45A4 /* UIKit.framework in Frameworks */,
				3A77BC6514E221D200AE45A4 /* Foundation.framework in Frameworks */,
				3A41745E14EFAF2600D166E9 /* CoreGraphics.framework in Frameworks */,
			);
			runOnlyForDeploymentPostprocessing = 0;
		};
/* End PBXFrameworksBuildPhase section */

/* Begin PBXGroup section */
		3A77BC5314E221D200AE45A4 = {
			isa = PBXGroup;
			children = (
				3A77BC9014E22E4B00AE45A4 /* Resources */,
				3A77BC6814E221D200AE45A4 /* PicturePoofer */,
				3A77BC6114E221D200AE45A4 /* Frameworks */,
				3A77BC5F14E221D200AE45A4 /* Products */,
			);
			sourceTree = "<group>";
		};
		3A77BC5F14E221D200AE45A4 /* Products */ = {
			isa = PBXGroup;
			children = (
				3A77BC5E14E221D200AE45A4 /* PicturePoofer.app */,
			);
			name = Products;
			sourceTree = "<group>";
		};
		3A77BC6114E221D200AE45A4 /* Frameworks */ = {
			isa = PBXGroup;
			children = (
				3AAD852514ECD341003122DF /* QuartzCore.framework */,
				3AAD851B14ECBC43003122DF /* CoreImage.framework */,
				3A77BC6214E221D200AE45A4 /* UIKit.framework */,
				3A77BC6414E221D200AE45A4 /* Foundation.framework */,
				3A77BC6614E221D200AE45A4 /* CoreGraphics.framework */,
			);
			name = Frameworks;
			sourceTree = "<group>";
		};
		3A77BC6814E221D200AE45A4 /* PicturePoofer */ = {
			isa = PBXGroup;
			children = (
				3ADA4FF114F09D98007B2785 /* ImageDataConverter.h */,
				3ADA4FF214F09D98007B2785 /* ImageDataConverter.m */,
				3A77BC7114E221D200AE45A4 /* AppDelegate.h */,
				3A77BC7214E221D200AE45A4 /* AppDelegate.m */,
				3A77BC7414E221D200AE45A4 /* ViewController.h */,
				3A77BC7514E221D200AE45A4 /* ViewController.m */,
				3A77BC7714E221D200AE45A4 /* ViewController.xib */,
				3A77BC6914E221D200AE45A4 /* Supporting Files */,
				3A448D6014F0B3B40023B49F /* AdriansFilter.h */,
				3A448D6114F0B3B40023B49F /* AdriansFilter.m */,
			);
			path = PicturePoofer;
			sourceTree = "<group>";
		};
		3A77BC6914E221D200AE45A4 /* Supporting Files */ = {
			isa = PBXGroup;
			children = (
				3A77BC6A14E221D200AE45A4 /* PicturePoofer-Info.plist */,
				3A77BC6B14E221D200AE45A4 /* InfoPlist.strings */,
				3A77BC6E14E221D200AE45A4 /* main.m */,
				3A77BC7014E221D200AE45A4 /* PicturePoofer-Prefix.pch */,
			);
			name = "Supporting Files";
			sourceTree = "<group>";
		};
		3A77BC9014E22E4B00AE45A4 /* Resources */ = {
			isa = PBXGroup;
			children = (
				3ADA4FEF14EFD78F007B2785 /* tower.jpg */,
				3A77BC8E14E22E4500AE45A4 /* Northern_Iraq_landscape.jpg */,
			);
			name = Resources;
			sourceTree = "<group>";
		};
/* End PBXGroup section */

/* Begin PBXNativeTarget section */
		3A77BC5D14E221D200AE45A4 /* PicturePoofer */ = {
			isa = PBXNativeTarget;
			buildConfigurationList = 3A77BC7C14E221D200AE45A4 /* Build configuration list for PBXNativeTarget "PicturePoofer" */;
			buildPhases = (
				3A77BC5A14E221D200AE45A4 /* Sources */,
				3A77BC5B14E221D200AE45A4 /* Frameworks */,
				3A77BC5C14E221D200AE45A4 /* Resources */,
			);
			buildRules = (
			);
			dependencies = (
			);
			name = PicturePoofer;
			productName = PicturePoofer;
			productReference = 3A77BC5E14E221D200AE45A4 /* PicturePoofer.app */;
			productType = "com.apple.product-type.application";
		};
/* End PBXNativeTarget section */

/* Begin PBXProject section */
		3A77BC5514E221D200AE45A4 /* Project object */ = {
			isa = PBXProject;
			attributes = {
				LastUpgradeCheck = 0430;
			};
			buildConfigurationList = 3A77BC5814E221D200AE45A4 /* Build configuration list for PBXProject "PicturePoofer" */;
			compatibilityVersion = "Xcode 3.2";
			developmentRegion = English;
			hasScannedForEncodings = 0;
			knownRegions = (
				en,
			);
			mainGroup = 3A77BC5314E221D200AE45A4;
			productRefGroup = 3A77BC5F14E221D200AE45A4 /* Products */;
			projectDirPath = "";
			projectRoot = "";
			targets = (
				3A77BC5D14E221D200AE45A4 /* PicturePoofer */,
			);
		};
/* End PBXProject section */

/* Begin PBXResourcesBuildPhase section */
		3A77BC5C14E221D200AE45A4 /* Resources */ = {
			isa = PBXResourcesBuildPhase;
			buildActionMask = 2147483647;
			files = (
				3A77BC6D14E221D200AE45A4 /* InfoPlist.strings in Resources */,
				3A77BC7914E221D200AE45A4 /* ViewController.xib in Resources */,
				3A77BC8F14E22E4500AE45A4 /* Northern_Iraq_landscape.jpg in Resources */,
				3ADA4FF014EFD78F007B2785 /* tower.jpg in Resources */,
			);
			runOnlyForDeploymentPostprocessing = 0;
		};
/* End PBXResourcesBuildPhase section */

/* Begin PBXSourcesBuildPhase section */
		3A77BC5A14E221D200AE45A4 /* Sources */ = {
			isa = PBXSourcesBuildPhase;
			buildActionMask = 2147483647;
			files = (
				3A77BC6F14E221D200AE45A4 /* main.m in Sources */,
				3A77BC7314E221D200AE45A4 /* AppDelegate.m in Sources */,
				3A77BC7614E221D200AE45A4 /* ViewController.m in Sources */,
				3ADA4FF314F09D98007B2785 /* ImageDataConverter.m in Sources */,
				3A448D6214F0B3B40023B49F /* AdriansFilter.m in Sources */,
			);
			runOnlyForDeploymentPostprocessing = 0;
		};
/* End PBXSourcesBuildPhase section */

/* Begin PBXVariantGroup section */
		3A77BC6B14E221D200AE45A4 /* InfoPlist.strings */ = {
			isa = PBXVariantGroup;
			children = (
				3A77BC6C14E221D200AE45A4 /* en */,
			);
			name = InfoPlist.strings;
			sourceTree = "<group>";
		};
		3A77BC7714E221D200AE45A4 /* ViewController.xib */ = {
			isa = PBXVariantGroup;
			children = (
				3A77BC7814E221D200AE45A4 /* en */,
			);
			name = ViewController.xib;
			sourceTree = "<group>";
		};
/* End PBXVariantGroup section */

/* Begin XCBuildConfiguration section */
		3A77BC7A14E221D200AE45A4 /* Debug */ = {
			isa = XCBuildConfiguration;
			buildSettings = {
				ALWAYS_SEARCH_USER_PATHS = NO;
				ARCHS = "$(ARCHS_STANDARD_32_BIT)";
				CLANG_ENABLE_OBJC_ARC = YES;
				"CODE_SIGN_IDENTITY[sdk=iphoneos*]" = "iPhone Developer";
				COPY_PHASE_STRIP = NO;
				GCC_C_LANGUAGE_STANDARD = gnu99;
				GCC_DYNAMIC_NO_PIC = NO;
				GCC_OPTIMIZATION_LEVEL = 0;
				GCC_PREPROCESSOR_DEFINITIONS = (
					"DEBUG=1",
					"$(inherited)",
				);
				GCC_SYMBOLS_PRIVATE_EXTERN = NO;
				GCC_VERSION = com.apple.compilers.llvm.clang.1_0;
				GCC_WARN_ABOUT_MISSING_PROTOTYPES = YES;
				GCC_WARN_ABOUT_RETURN_TYPE = YES;
				GCC_WARN_UNUSED_VARIABLE = YES;
				IPHONEOS_DEPLOYMENT_TARGET = 5.0;
				SDKROOT = iphoneos;
			};
			name = Debug;
		};
		3A77BC7B14E221D200AE45A4 /* Release */ = {
			isa = XCBuildConfiguration;
			buildSettings = {
				ALWAYS_SEARCH_USER_PATHS = NO;
				ARCHS = "$(ARCHS_STANDARD_32_BIT)";
				CLANG_ENABLE_OBJC_ARC = YES;
				"CODE_SIGN_IDENTITY[sdk=iphoneos*]" = "iPhone Developer";
				COPY_PHASE_STRIP = YES;
				GCC_C_LANGUAGE_STANDARD = gnu99;
				GCC_VERSION = com.apple.compilers.llvm.clang.1_0;
				GCC_WARN_ABOUT_MISSING_PROTOTYPES = YES;
				GCC_WARN_ABOUT_RETURN_TYPE = YES;
				GCC_WARN_UNUSED_VARIABLE = YES;
				IPHONEOS_DEPLOYMENT_TARGET = 5.0;
				OTHER_CFLAGS = "-DNS_BLOCK_ASSERTIONS=1";
				SDKROOT = iphoneos;
				VALIDATE_PRODUCT = YES;
			};
			name = Release;
		};
		3A77BC7D14E221D200AE45A4 /* Debug */ = {
			isa = XCBuildConfiguration;
			buildSettings = {
				GCC_PRECOMPILE_PREFIX_HEADER = YES;
				GCC_PREFIX_HEADER = "PicturePoofer/PicturePoofer-Prefix.pch";
				INFOPLIST_FILE = "PicturePoofer/PicturePoofer-Info.plist";
				PRODUCT_NAME = "$(TARGET_NAME)";
				WRAPPER_EXTENSION = app;
			};
			name = Debug;
		};
		3A77BC7E14E221D200AE45A4 /* Release */ = {
			isa = XCBuildConfiguration;
			buildSettings = {
				GCC_PRECOMPILE_PREFIX_HEADER = YES;
				GCC_PREFIX_HEADER = "PicturePoofer/PicturePoofer-Prefix.pch";
				INFOPLIST_FILE = "PicturePoofer/PicturePoofer-Info.plist";
				PRODUCT_NAME = "$(TARGET_NAME)";
				WRAPPER_EXTENSION = app;
			};
			name = Release;
		};
/* End XCBuildConfiguration section */

/* Begin XCConfigurationList section */
		3A77BC5814E221D200AE45A4 /* Build configuration list for PBXProject "PicturePoofer" */ = {
			isa = XCConfigurationList;
			buildConfigurations = (
				3A77BC7A14E221D200AE45A4 /* Debug */,
				3A77BC7B14E221D200AE45A4 /* Release */,
			);
			defaultConfigurationIsVisible = 0;
			defaultConfigurationName = Release;
		};
		3A77BC7C14E221D200AE45A4 /* Build configuration list for PBXNativeTarget "PicturePoofer" */ = {
			isa = XCConfigurationList;
			buildConfigurations = (
				3A77BC7D14E221D200AE45A4 /* Debug */,
				3A77BC7E14E221D200AE45A4 /* Release */,
			);
			defaultConfigurationIsVisible = 0;
			defaultConfigurationName = Release;
		};
/* End XCConfigurationList section */
	};
	rootObject = 3A77BC5514E221D200AE45A4 /* Project object */;
}
